
Microsoft Visual Studio Solution File, Format Version 12.00
# Visual Studio 2012
Project("{FAE04EC0-301F-11D3-BF4B-00C04F79EFBC}") = "FluentTypeScanner", "FluentTypeScanner\FluentTypeScanner.csproj", "{8A0A243E-E30B-4ABB-A795-3BC41AD68AFC}"
EndProject
Project("{FAE04EC0-301F-11D3-BF4B-00C04F79EFBC}") = "FluentTypeScanner.Tests", "FluentTypeScanner.Tests\FluentTypeScanner.Tests.csproj", "{CBABDD6C-4EB7-4776-A5D7-D592FD8BC66A}"
EndProject
Global
	GlobalSection(SolutionConfigurationPlatforms) = preSolution
		Debug|Any CPU = Debug|Any CPU
		Release|Any CPU = Release|Any CPU
	EndGlobalSection
	GlobalSection(ProjectConfigurationPlatforms) = postSolution
		{8A0A243E-E30B-4ABB-A795-3BC41AD68AFC}.Debug|Any CPU.ActiveCfg = Debug|Any CPU
		{8A0A243E-E30B-4ABB-A795-3BC41AD68AFC}.Debug|Any CPU.Build.0 = Debug|Any CPU
		{8A0A243E-E30B-4ABB-A795-3BC41AD68AFC}.Release|Any CPU.ActiveCfg = Release|Any CPU
		{8A0A243E-E30B-4ABB-A795-3BC41AD68AFC}.Release|Any CPU.Build.0 = Release|Any CPU
		{CBABDD6C-4EB7-4776-A5D7-D592FD8BC66A}.Debug|Any CPU.ActiveCfg = Debug|Any CPU
		{CBABDD6C-4EB7-4776-A5D7-D592FD8BC66A}.Debug|Any CPU.Build.0 = Debug|Any CPU
		{CBABDD6C-4EB7-4776-A5D7-D592FD8BC66A}.Release|Any CPU.ActiveCfg = Release|Any CPU
		{CBABDD6C-4EB7-4776-A5D7-D592FD8BC66A}.Release|Any CPU.Build.0 = Release|Any CPU
	EndGlobalSection
	GlobalSection(SolutionProperties) = preSolution
		HideSolutionNode = FALSE
	EndGlobalSection
EndGlobal
